
Microsoft Visual Studio Solution File, Format Version 12.00
# Visual Studio Version 17
VisualStudioVersion = 17.6.33829.357
MinimumVisualStudioVersion = 10.0.40219.1
Project("{FAE04EC0-301F-11D3-BF4B-00C04F79EFBC}") = "MyProtocolsApp_VolmarC.Android", "MyProtocolsApp_VolmarC\MyProtocolsApp_VolmarC.Android\MyProtocolsApp_VolmarC.Android.csproj", "{E8B186F9-2206-4B12-B44F-4C12015092EC}"
EndProject
Project("{FAE04EC0-301F-11D3-BF4B-00C04F79EFBC}") = "MyProtocolsApp_VolmarC.iOS", "MyProtocolsApp_VolmarC\MyProtocolsApp_VolmarC.iOS\MyProtocolsApp_VolmarC.iOS.csproj", "{C78BB3C8-94D6-4C1C-9B77-6E6039ACAC0A}"
EndProject
Project("{FAE04EC0-301F-11D3-BF4B-00C04F79EFBC}") = "MyProtocolsApp_VolmarC", "MyProtocolsApp_VolmarC\MyProtocolsApp_VolmarC\MyProtocolsApp_VolmarC.csproj", "{73954E52-76D4-4E78-8814-4AB9F1893C22}"
EndProject
Global
	GlobalSection(SolutionConfigurationPlatforms) = preSolution
		Debug|Any CPU = Debug|Any CPU
		Debug|iPhone = Debug|iPhone
		Debug|iPhoneSimulator = Debug|iPhoneSimulator
		Release|Any CPU = Release|Any CPU
		Release|iPhone = Release|iPhone
		Release|iPhoneSimulator = Release|iPhoneSimulator
	EndGlobalSection
	GlobalSection(ProjectConfigurationPlatforms) = postSolution
		{E8B186F9-2206-4B12-B44F-4C12015092EC}.Debug|Any CPU.ActiveCfg = Debug|Any CPU
		{E8B186F9-2206-4B12-B44F-4C12015092EC}.Debug|Any CPU.Build.0 = Debug|Any CPU
		{E8B186F9-2206-4B12-B44F-4C12015092EC}.Debug|Any CPU.Deploy.0 = Debug|Any CPU
		{E8B186F9-2206-4B12-B44F-4C12015092EC}.Debug|iPhone.ActiveCfg = Debug|Any CPU
		{E8B186F9-2206-4B12-B44F-4C12015092EC}.Debug|iPhone.Build.0 = Debug|Any CPU
		{E8B186F9-2206-4B12-B44F-4C12015092EC}.Debug|iPhone.Deploy.0 = Debug|Any CPU
		{E8B186F9-2206-4B12-B44F-4C12015092EC}.Debug|iPhoneSimulator.ActiveCfg = Debug|Any CPU
		{E8B186F9-2206-4B12-B44F-4C12015092EC}.Debug|iPhoneSimulator.Build.0 = Debug|Any CPU
		{E8B186F9-2206-4B12-B44F-4C12015092EC}.Debug|iPhoneSimulator.Deploy.0 = Debug|Any CPU
		{E8B186F9-2206-4B12-B44F-4C12015092EC}.Release|Any CPU.ActiveCfg = Release|Any CPU
		{E8B186F9-2206-4B12-B44F-4C12015092EC}.Release|Any CPU.Build.0 = Release|Any CPU
		{E8B186F9-2206-4B12-B44F-4C12015092EC}.Release|Any CPU.Deploy.0 = Release|Any CPU
		{E8B186F9-2206-4B12-B44F-4C12015092EC}.Release|iPhone.ActiveCfg = Release|Any CPU
		{E8B186F9-2206-4B12-B44F-4C12015092EC}.Release|iPhone.Build.0 = Release|Any CPU
		{E8B186F9-2206-4B12-B44F-4C12015092EC}.Release|iPhone.Deploy.0 = Release|Any CPU
		{E8B186F9-2206-4B12-B44F-4C12015092EC}.Release|iPhoneSimulator.ActiveCfg = Release|Any CPU
		{E8B186F9-2206-4B12-B44F-4C12015092EC}.Release|iPhoneSimulator.Build.0 = Release|Any CPU
		{E8B186F9-2206-4B12-B44F-4C12015092EC}.Release|iPhoneSimulator.Deploy.0 = Release|Any CPU
		{C78BB3C8-94D6-4C1C-9B77-6E6039ACAC0A}.Debug|Any CPU.ActiveCfg = Debug|iPhone
		{C78BB3C8-94D6-4C1C-9B77-6E6039ACAC0A}.Debug|Any CPU.Build.0 = Debug|iPhone
		{C78BB3C8-94D6-4C1C-9B77-6E6039ACAC0A}.Debug|Any CPU.Deploy.0 = Debug|iPhone
		{C78BB3C8-94D6-4C1C-9B77-6E6039ACAC0A}.Debug|iPhone.ActiveCfg = Debug|iPhone
		{C78BB3C8-94D6-4C1C-9B77-6E6039ACAC0A}.Debug|iPhone.Build.0 = Debug|iPhone
		{C78BB3C8-94D6-4C1C-9B77-6E6039ACAC0A}.Debug|iPhone.Deploy.0 = Debug|iPhone
		{C78BB3C8-94D6-4C1C-9B77-6E6039ACAC0A}.Debug|iPhoneSimulator.ActiveCfg = Debug|iPhoneSimulator
		{C78BB3C8-94D6-4C1C-9B77-6E6039ACAC0A}.Debug|iPhoneSimulator.Build.0 = Debug|iPhoneSimulator
		{C78BB3C8-94D6-4C1C-9B77-6E6039ACAC0A}.Debug|iPhoneSimulator.Deploy.0 = Debug|iPhoneSimulator
		{C78BB3C8-94D6-4C1C-9B77-6E6039ACAC0A}.Release|Any CPU.ActiveCfg = Release|iPhoneSimulator
		{C78BB3C8-94D6-4C1C-9B77-6E6039ACAC0A}.Release|Any CPU.Build.0 = Release|iPhoneSimulator
		{C78BB3C8-94D6-4C1C-9B77-6E6039ACAC0A}.Release|Any CPU.Deploy.0 = Release|iPhoneSimulator
		{C78BB3C8-94D6-4C1C-9B77-6E6039ACAC0A}.Release|iPhone.ActiveCfg = Release|iPhone
		{C78BB3C8-94D6-4C1C-9B77-6E6039ACAC0A}.Release|iPhone.Build.0 = Release|iPhone
		{C78BB3C8-94D6-4C1C-9B77-6E6039ACAC0A}.Release|iPhone.Deploy.0 = Release|iPhone
		{C78BB3C8-94D6-4C1C-9B77-6E6039ACAC0A}.Release|iPhoneSimulator.ActiveCfg = Release|iPhoneSimulator
		{C78BB3C8-94D6-4C1C-9B77-6E6039ACAC0A}.Release|iPhoneSimulator.Build.0 = Release|iPhoneSimulator
		{C78BB3C8-94D6-4C1C-9B77-6E6039ACAC0A}.Release|iPhoneSimulator.Deploy.0 = Release|iPhoneSimulator
		{73954E52-76D4-4E78-8814-4AB9F1893C22}.Debug|Any CPU.ActiveCfg = Debug|Any CPU
		{73954E52-76D4-4E78-8814-4AB9F1893C22}.Debug|Any CPU.Build.0 = Debug|Any CPU
		{73954E52-76D4-4E78-8814-4AB9F1893C22}.Debug|Any CPU.Deploy.0 = Debug|Any CPU
		{73954E52-76D4-4E78-8814-4AB9F1893C22}.Debug|iPhone.ActiveCfg = Debug|Any CPU
		{73954E52-76D4-4E78-8814-4AB9F1893C22}.Debug|iPhone.Build.0 = Debug|Any CPU
		{73954E52-76D4-4E78-8814-4AB9F1893C22}.Debug|iPhone.Deploy.0 = Debug|Any CPU
		{73954E52-76D4-4E78-8814-4AB9F1893C22}.Debug|iPhoneSimulator.ActiveCfg = Debug|Any CPU
		{73954E52-76D4-4E78-8814-4AB9F1893C22}.Debug|iPhoneSimulator.Build.0 = Debug|Any CPU
		{73954E52-76D4-4E78-8814-4AB9F1893C22}.Debug|iPhoneSimulator.Deploy.0 = Debug|Any CPU
		{73954E52-76D4-4E78-8814-4AB9F1893C22}.Release|Any CPU.ActiveCfg = Release|Any CPU
		{73954E52-76D4-4E78-8814-4AB9F1893C22}.Release|Any CPU.Build.0 = Release|Any CPU
		{73954E52-76D4-4E78-8814-4AB9F1893C22}.Release|Any CPU.Deploy.0 = Release|Any CPU
		{73954E52-76D4-4E78-8814-4AB9F1893C22}.Release|iPhone.ActiveCfg = Release|Any CPU
		{73954E52-76D4-4E78-8814-4AB9F1893C22}.Release|iPhone.Build.0 = Release|Any CPU
		{73954E52-76D4-4E78-8814-4AB9F1893C22}.Release|iPhone.Deploy.0 = Release|Any CPU
		{73954E52-76D4-4E78-8814-4AB9F1893C22}.Release|iPhoneSimulator.ActiveCfg = Release|Any CPU
		{73954E52-76D4-4E78-8814-4AB9F1893C22}.Release|iPhoneSimulator.Build.0 = Release|Any CPU
		{73954E52-76D4-4E78-8814-4AB9F1893C22}.Release|iPhoneSimulator.Deploy.0 = Release|Any CPU
	EndGlobalSection
	GlobalSection(SolutionProperties) = preSolution
		HideSolutionNode = FALSE
	EndGlobalSection
	GlobalSection(ExtensibilityGlobals) = postSolution
		SolutionGuid = {0353F875-710C-4A7C-89C1-48612EB37FB7}
	EndGlobalSection
EndGlobal
